
Microsoft Visual Studio Solution File, Format Version 12.00
# Visual Studio 2012
Project("{FAE04EC0-301F-11D3-BF4B-00C04F79EFBC}") = "LHSBCls", "LHSBCls\LHSBCls.csproj", "{AE927114-4E6F-4191-9EA3-498E65A6719D}"
EndProject
Global
	GlobalSection(SolutionConfigurationPlatforms) = preSolution
		Debug|Any CPU = Debug|Any CPU
		Release|Any CPU = Release|Any CPU
	EndGlobalSection
	GlobalSection(ProjectConfigurationPlatforms) = postSolution
		{AE927114-4E6F-4191-9EA3-498E65A6719D}.Debug|Any CPU.ActiveCfg = Debug|Any CPU
		{AE927114-4E6F-4191-9EA3-498E65A6719D}.Debug|Any CPU.Build.0 = Debug|Any CPU
		{AE927114-4E6F-4191-9EA3-498E65A6719D}.Release|Any CPU.ActiveCfg = Release|Any CPU
		{AE927114-4E6F-4191-9EA3-498E65A6719D}.Release|Any CPU.Build.0 = Release|Any CPU
	EndGlobalSection
	GlobalSection(SolutionProperties) = preSolution
		HideSolutionNode = FALSE
	EndGlobalSection
EndGlobal
